
Microsoft Visual Studio Solution File, Format Version 12.00
# Visual Studio Version 17
VisualStudioVersion = 17.3.32825.248
MinimumVisualStudioVersion = 10.0.40219.1
Project("{FAE04EC0-301F-11D3-BF4B-00C04F79EFBC}") = "PRN211_PE_BuiDangKhoa.Repo", "PRN211_PE_BuiDangKhoa.Repo\PRN211_PE_BuiDangKhoa.Repo.csproj", "{2B8FD152-8308-4959-AE7C-3D4DBC0FACAA}"
EndProject
Project("{FAE04EC0-301F-11D3-BF4B-00C04F79EFBC}") = "PRN211_PE_BuiDangKhoa", "PRN211_PE_BuiDangKhoa\PRN211_PE_BuiDangKhoa.csproj", "{066C8358-31E1-4A31-96C1-82BFD3893534}"
EndProject
Global
	GlobalSection(SolutionConfigurationPlatforms) = preSolution
		Debug|Any CPU = Debug|Any CPU
		Release|Any CPU = Release|Any CPU
	EndGlobalSection
	GlobalSection(ProjectConfigurationPlatforms) = postSolution
		{2B8FD152-8308-4959-AE7C-3D4DBC0FACAA}.Debug|Any CPU.ActiveCfg = Debug|Any CPU
		{2B8FD152-8308-4959-AE7C-3D4DBC0FACAA}.Debug|Any CPU.Build.0 = Debug|Any CPU
		{2B8FD152-8308-4959-AE7C-3D4DBC0FACAA}.Release|Any CPU.ActiveCfg = Release|Any CPU
		{2B8FD152-8308-4959-AE7C-3D4DBC0FACAA}.Release|Any CPU.Build.0 = Release|Any CPU
		{066C8358-31E1-4A31-96C1-82BFD3893534}.Debug|Any CPU.ActiveCfg = Debug|Any CPU
		{066C8358-31E1-4A31-96C1-82BFD3893534}.Debug|Any CPU.Build.0 = Debug|Any CPU
		{066C8358-31E1-4A31-96C1-82BFD3893534}.Release|Any CPU.ActiveCfg = Release|Any CPU
		{066C8358-31E1-4A31-96C1-82BFD3893534}.Release|Any CPU.Build.0 = Release|Any CPU
	EndGlobalSection
	GlobalSection(SolutionProperties) = preSolution
		HideSolutionNode = FALSE
	EndGlobalSection
	GlobalSection(ExtensibilityGlobals) = postSolution
		SolutionGuid = {AEC3454C-0149-40A7-B576-3B31D707B480}
	EndGlobalSection
EndGlobal
